
Microsoft Visual Studio Solution File, Format Version 12.00
# Visual Studio Version 17
VisualStudioVersion = 17.7.34024.191
MinimumVisualStudioVersion = 10.0.40219.1
Project("{FAE04EC0-301F-11D3-BF4B-00C04F79EFBC}") = "oostfraeiskorg_dataset_creator", "oostfraeiskorg_dataset_creator\oostfraeiskorg_dataset_creator.csproj", "{C033237E-C2C3-4D3F-947E-9816E8AEEFD1}"
EndProject
Global
	GlobalSection(SolutionConfigurationPlatforms) = preSolution
		Debug|Any CPU = Debug|Any CPU
		Release|Any CPU = Release|Any CPU
	EndGlobalSection
	GlobalSection(ProjectConfigurationPlatforms) = postSolution
		{C033237E-C2C3-4D3F-947E-9816E8AEEFD1}.Debug|Any CPU.ActiveCfg = Debug|Any CPU
		{C033237E-C2C3-4D3F-947E-9816E8AEEFD1}.Debug|Any CPU.Build.0 = Debug|Any CPU
		{C033237E-C2C3-4D3F-947E-9816E8AEEFD1}.Release|Any CPU.ActiveCfg = Release|Any CPU
		{C033237E-C2C3-4D3F-947E-9816E8AEEFD1}.Release|Any CPU.Build.0 = Release|Any CPU
	EndGlobalSection
	GlobalSection(SolutionProperties) = preSolution
		HideSolutionNode = FALSE
	EndGlobalSection
	GlobalSection(ExtensibilityGlobals) = postSolution
		SolutionGuid = {7B0A9AAB-EE8D-445E-B5FF-FE68C0815539}
	EndGlobalSection
EndGlobal
